
Microsoft Visual Studio Solution File, Format Version 12.00
# Visual Studio Version 16
VisualStudioVersion = 16.0.30907.101
MinimumVisualStudioVersion = 10.0.40219.1
Project("{FAE04EC0-301F-11D3-BF4B-00C04F79EFBC}") = "ChallengeRedbeeAcademy", "ChallengeRedbeeAcademy\ChallengeRedbeeAcademy.csproj", "{755FB34E-4A51-4AF3-9DF4-A040E9B11B24}"
EndProject
Global
	GlobalSection(SolutionConfigurationPlatforms) = preSolution
		Debug|Any CPU = Debug|Any CPU
		Release|Any CPU = Release|Any CPU
	EndGlobalSection
	GlobalSection(ProjectConfigurationPlatforms) = postSolution
		{755FB34E-4A51-4AF3-9DF4-A040E9B11B24}.Debug|Any CPU.ActiveCfg = Debug|Any CPU
		{755FB34E-4A51-4AF3-9DF4-A040E9B11B24}.Debug|Any CPU.Build.0 = Debug|Any CPU
		{755FB34E-4A51-4AF3-9DF4-A040E9B11B24}.Release|Any CPU.ActiveCfg = Release|Any CPU
		{755FB34E-4A51-4AF3-9DF4-A040E9B11B24}.Release|Any CPU.Build.0 = Release|Any CPU
	EndGlobalSection
	GlobalSection(SolutionProperties) = preSolution
		HideSolutionNode = FALSE
	EndGlobalSection
	GlobalSection(ExtensibilityGlobals) = postSolution
		SolutionGuid = {5F760779-176A-43CC-82B1-97CE7D97CAFA}
	EndGlobalSection
EndGlobal
